
Microsoft Visual Studio Solution File, Format Version 12.00
# Visual Studio Version 17
VisualStudioVersion = 17.7.34202.233
MinimumVisualStudioVersion = 10.0.40219.1
Project("{FAE04EC0-301F-11D3-BF4B-00C04F79EFBC}") = "WindowsFormsAppADONet", "WindowsFormsAppADONet.csproj", "{88B67DA1-BB34-4CDD-A5D5-39A271976A6D}"
EndProject
Global
	GlobalSection(SolutionConfigurationPlatforms) = preSolution
		Debug|Any CPU = Debug|Any CPU
		Release|Any CPU = Release|Any CPU
	EndGlobalSection
	GlobalSection(ProjectConfigurationPlatforms) = postSolution
		{88B67DA1-BB34-4CDD-A5D5-39A271976A6D}.Debug|Any CPU.ActiveCfg = Debug|Any CPU
		{88B67DA1-BB34-4CDD-A5D5-39A271976A6D}.Debug|Any CPU.Build.0 = Debug|Any CPU
		{88B67DA1-BB34-4CDD-A5D5-39A271976A6D}.Release|Any CPU.ActiveCfg = Release|Any CPU
		{88B67DA1-BB34-4CDD-A5D5-39A271976A6D}.Release|Any CPU.Build.0 = Release|Any CPU
	EndGlobalSection
	GlobalSection(SolutionProperties) = preSolution
		HideSolutionNode = FALSE
	EndGlobalSection
	GlobalSection(ExtensibilityGlobals) = postSolution
		SolutionGuid = {3C2063F1-6695-41F3-AB74-EEA7633B5535}
	EndGlobalSection
EndGlobal
